
Microsoft Visual Studio Solution File, Format Version 12.00
# Visual Studio Version 17
VisualStudioVersion = 17.9.34616.47
MinimumVisualStudioVersion = 10.0.40219.1
Project("{8BC9CEB8-8B4A-11D0-8D11-00A0C91BC942}") = "Project1", "Project1\Project1.vcxproj", "{8CCB0B91-473A-48EC-9BA2-5513D928705A}"
EndProject
Project("{8BC9CEB8-8B4A-11D0-8D11-00A0C91BC942}") = "Project2", "Project2\Project2.vcxproj", "{A8BF718E-7F21-422E-A9F6-0EA764E6C439}"
EndProject
Project("{8BC9CEB8-8B4A-11D0-8D11-00A0C91BC942}") = "Project3", "Project3\Project3.vcxproj", "{3D6481DD-57B0-43B5-8049-7EDAE0E2B438}"
EndProject
Global
	GlobalSection(SolutionConfigurationPlatforms) = preSolution
		Debug|x64 = Debug|x64
		Debug|x86 = Debug|x86
		Release|x64 = Release|x64
		Release|x86 = Release|x86
	EndGlobalSection
	GlobalSection(ProjectConfigurationPlatforms) = postSolution
		{8CCB0B91-473A-48EC-9BA2-5513D928705A}.Debug|x64.ActiveCfg = Debug|x64
		{8CCB0B91-473A-48EC-9BA2-5513D928705A}.Debug|x64.Build.0 = Debug|x64
		{8CCB0B91-473A-48EC-9BA2-5513D928705A}.Debug|x86.ActiveCfg = Debug|Win32
		{8CCB0B91-473A-48EC-9BA2-5513D928705A}.Debug|x86.Build.0 = Debug|Win32
		{8CCB0B91-473A-48EC-9BA2-5513D928705A}.Release|x64.ActiveCfg = Release|x64
		{8CCB0B91-473A-48EC-9BA2-5513D928705A}.Release|x64.Build.0 = Release|x64
		{8CCB0B91-473A-48EC-9BA2-5513D928705A}.Release|x86.ActiveCfg = Release|Win32
		{8CCB0B91-473A-48EC-9BA2-5513D928705A}.Release|x86.Build.0 = Release|Win32
		{A8BF718E-7F21-422E-A9F6-0EA764E6C439}.Debug|x64.ActiveCfg = Debug|x64
		{A8BF718E-7F21-422E-A9F6-0EA764E6C439}.Debug|x64.Build.0 = Debug|x64
		{A8BF718E-7F21-422E-A9F6-0EA764E6C439}.Debug|x86.ActiveCfg = Debug|Win32
		{A8BF718E-7F21-422E-A9F6-0EA764E6C439}.Debug|x86.Build.0 = Debug|Win32
		{A8BF718E-7F21-422E-A9F6-0EA764E6C439}.Release|x64.ActiveCfg = Release|x64
		{A8BF718E-7F21-422E-A9F6-0EA764E6C439}.Release|x64.Build.0 = Release|x64
		{A8BF718E-7F21-422E-A9F6-0EA764E6C439}.Release|x86.ActiveCfg = Release|Win32
		{A8BF718E-7F21-422E-A9F6-0EA764E6C439}.Release|x86.Build.0 = Release|Win32
		{3D6481DD-57B0-43B5-8049-7EDAE0E2B438}.Debug|x64.ActiveCfg = Debug|x64
		{3D6481DD-57B0-43B5-8049-7EDAE0E2B438}.Debug|x64.Build.0 = Debug|x64
		{3D6481DD-57B0-43B5-8049-7EDAE0E2B438}.Debug|x86.ActiveCfg = Debug|Win32
		{3D6481DD-57B0-43B5-8049-7EDAE0E2B438}.Debug|x86.Build.0 = Debug|Win32
		{3D6481DD-57B0-43B5-8049-7EDAE0E2B438}.Release|x64.ActiveCfg = Release|x64
		{3D6481DD-57B0-43B5-8049-7EDAE0E2B438}.Release|x64.Build.0 = Release|x64
		{3D6481DD-57B0-43B5-8049-7EDAE0E2B438}.Release|x86.ActiveCfg = Release|Win32
		{3D6481DD-57B0-43B5-8049-7EDAE0E2B438}.Release|x86.Build.0 = Release|Win32
	EndGlobalSection
	GlobalSection(SolutionProperties) = preSolution
		HideSolutionNode = FALSE
	EndGlobalSection
	GlobalSection(ExtensibilityGlobals) = postSolution
		SolutionGuid = {753F12B5-9AD2-4F53-BAE2-49A6B140FB38}
	EndGlobalSection
EndGlobal
